
Microsoft Visual Studio Solution File, Format Version 12.00
# Visual Studio Version 17
VisualStudioVersion = 17.7.34031.279
MinimumVisualStudioVersion = 10.0.40219.1
Project("{FAE04EC0-301F-11D3-BF4B-00C04F79EFBC}") = "ConsoleApp1", "ConsoleApp1\ConsoleApp1.csproj", "{AB0FC47D-92E3-49B7-B976-6C6650934738}"
EndProject
Project("{FAE04EC0-301F-11D3-BF4B-00C04F79EFBC}") = "ConsoleApp.1.UnitTests", "ConsoleApp.1.UnitTests\ConsoleApp.1.UnitTests.csproj", "{457FC498-7622-4F0B-9EF2-7471452F19D1}"
EndProject
Global
	GlobalSection(SolutionConfigurationPlatforms) = preSolution
		Debug|Any CPU = Debug|Any CPU
		Release|Any CPU = Release|Any CPU
	EndGlobalSection
	GlobalSection(ProjectConfigurationPlatforms) = postSolution
		{AB0FC47D-92E3-49B7-B976-6C6650934738}.Debug|Any CPU.ActiveCfg = Debug|Any CPU
		{AB0FC47D-92E3-49B7-B976-6C6650934738}.Debug|Any CPU.Build.0 = Debug|Any CPU
		{AB0FC47D-92E3-49B7-B976-6C6650934738}.Release|Any CPU.ActiveCfg = Release|Any CPU
		{AB0FC47D-92E3-49B7-B976-6C6650934738}.Release|Any CPU.Build.0 = Release|Any CPU
		{457FC498-7622-4F0B-9EF2-7471452F19D1}.Debug|Any CPU.ActiveCfg = Debug|Any CPU
		{457FC498-7622-4F0B-9EF2-7471452F19D1}.Debug|Any CPU.Build.0 = Debug|Any CPU
		{457FC498-7622-4F0B-9EF2-7471452F19D1}.Release|Any CPU.ActiveCfg = Release|Any CPU
		{457FC498-7622-4F0B-9EF2-7471452F19D1}.Release|Any CPU.Build.0 = Release|Any CPU
	EndGlobalSection
	GlobalSection(SolutionProperties) = preSolution
		HideSolutionNode = FALSE
	EndGlobalSection
	GlobalSection(ExtensibilityGlobals) = postSolution
		SolutionGuid = {4AAD73E3-1FF0-45D9-BD61-CAF0086C0AF6}
	EndGlobalSection
EndGlobal
