
Microsoft Visual Studio Solution File, Format Version 12.00
# Visual Studio Version 17
VisualStudioVersion = 17.7.34031.279
MinimumVisualStudioVersion = 10.0.40219.1
Project("{FAE04EC0-301F-11D3-BF4B-00C04F79EFBC}") = "CSharpNotes", "CSharpNotes\CSharpNotes.csproj", "{BCB247E4-A7BF-478B-AA1C-6B0038BBBBE3}"
EndProject
Global
	GlobalSection(SolutionConfigurationPlatforms) = preSolution
		Debug|Any CPU = Debug|Any CPU
		Release|Any CPU = Release|Any CPU
	EndGlobalSection
	GlobalSection(ProjectConfigurationPlatforms) = postSolution
		{BCB247E4-A7BF-478B-AA1C-6B0038BBBBE3}.Debug|Any CPU.ActiveCfg = Debug|Any CPU
		{BCB247E4-A7BF-478B-AA1C-6B0038BBBBE3}.Debug|Any CPU.Build.0 = Debug|Any CPU
		{BCB247E4-A7BF-478B-AA1C-6B0038BBBBE3}.Release|Any CPU.ActiveCfg = Release|Any CPU
		{BCB247E4-A7BF-478B-AA1C-6B0038BBBBE3}.Release|Any CPU.Build.0 = Release|Any CPU
	EndGlobalSection
	GlobalSection(SolutionProperties) = preSolution
		HideSolutionNode = FALSE
	EndGlobalSection
	GlobalSection(ExtensibilityGlobals) = postSolution
		SolutionGuid = {66CFEA00-67CE-4602-AB29-149EFD359D10}
	EndGlobalSection
EndGlobal
